// !$*UTF8*$!
{
	archiveVersion = 1;
	classes = {
	};
	objectVersion = 56;
	objects = {

/* Begin PBXBuildFile section */
		A5247E5F29867E2100E06A33 /* ElementsMixingCell.OptionView.swift in Sources */ = {isa = PBXBuildFile; fileRef = A5247E5E29867E2100E06A33 /* ElementsMixingCell.OptionView.swift */; };
		A5247E6029867E2100E06A33 /* ElementsMixingViewController.swift in Sources */ = {isa = PBXBuildFile; fileRef = A5247E5B29867E2100E06A33 /* ElementsMixingViewController.swift */; };
		A5247E6129867E2100E06A33 /* ElementsMixingCell.swift in Sources */ = {isa = PBXBuildFile; fileRef = A5247E5D29867E2100E06A33 /* ElementsMixingCell.swift */; };
		A5247E6329867E9800E06A33 /* ElementsMixingModel.swift in Sources */ = {isa = PBXBuildFile; fileRef = A5247E6229867E9800E06A33 /* ElementsMixingModel.swift */; };
		A5247E652989758900E06A33 /* UIDevice.swift in Sources */ = {isa = PBXBuildFile; fileRef = A5247E642989758900E06A33 /* UIDevice.swift */; };
		A5247E6729898DDA00E06A33 /* InteractiveFormatViewController.ItemCell.Delegate.swift in Sources */ = {isa = PBXBuildFile; fileRef = A5247E6629898DDA00E06A33 /* InteractiveFormatViewController.ItemCell.Delegate.swift */; };
		A5247E6D298ACDA400E06A33 /* HapticSliderViewController.swift in Sources */ = {isa = PBXBuildFile; fileRef = A5247E6A298ACDA400E06A33 /* HapticSliderViewController.swift */; };
		A5247E6E298ACDA400E06A33 /* HapticSliderCell.swift in Sources */ = {isa = PBXBuildFile; fileRef = A5247E6C298ACDA400E06A33 /* HapticSliderCell.swift */; };
		A528A151296D9ACA00FAC27E /* LocalizedStrings.swift in Sources */ = {isa = PBXBuildFile; fileRef = A528A150296D9ACA00FAC27E /* LocalizedStrings.swift */; };
		A528A155296D9FF700FAC27E /* RatingStarsViewController.swift in Sources */ = {isa = PBXBuildFile; fileRef = A528A154296D9FF700FAC27E /* RatingStarsViewController.swift */; };
		A528A158296DA10F00FAC27E /* RatingStarsCell.swift in Sources */ = {isa = PBXBuildFile; fileRef = A528A157296DA10F00FAC27E /* RatingStarsCell.swift */; };
		A528A15A296DA12C00FAC27E /* UITableViewCell.swift in Sources */ = {isa = PBXBuildFile; fileRef = A528A159296DA12C00FAC27E /* UITableViewCell.swift */; };
		A528A15C296DA1C500FAC27E /* FakeData.swift in Sources */ = {isa = PBXBuildFile; fileRef = A528A15B296DA1C500FAC27E /* FakeData.swift */; };
		A528A15E296DA1FC00FAC27E /* RatingStarsModel.swift in Sources */ = {isa = PBXBuildFile; fileRef = A528A15D296DA1FC00FAC27E /* RatingStarsModel.swift */; };
		A528A161296DA68B00FAC27E /* RatingStarsView.swift in Sources */ = {isa = PBXBuildFile; fileRef = A528A160296DA68B00FAC27E /* RatingStarsView.swift */; };
		A528A163296DA6A300FAC27E /* RatingStarsView.StarView.swift in Sources */ = {isa = PBXBuildFile; fileRef = A528A162296DA6A300FAC27E /* RatingStarsView.StarView.swift */; };
		A528A165296DA73C00FAC27E /* UIView.swift in Sources */ = {isa = PBXBuildFile; fileRef = A528A164296DA73C00FAC27E /* UIView.swift */; };
		A528A167296DAA0B00FAC27E /* UIStackView.swift in Sources */ = {isa = PBXBuildFile; fileRef = A528A166296DAA0B00FAC27E /* UIStackView.swift */; };
		A528A16D296DAE5300FAC27E /* Withable.swift in Sources */ = {isa = PBXBuildFile; fileRef = A528A16C296DAE5300FAC27E /* Withable.swift */; };
		A548FFAE298ADCCF00F00E18 /* HapticSliderModel.swift in Sources */ = {isa = PBXBuildFile; fileRef = A548FFAD298ADCCF00F00E18 /* HapticSliderModel.swift */; };
		A56FF245297540CD003C853D /* WrappingCollectionView.Layout.Delegate.swift in Sources */ = {isa = PBXBuildFile; fileRef = A56FF244297540CD003C853D /* WrappingCollectionView.Layout.Delegate.swift */; };
		A56FF24B29755798003C853D /* SimpleTextGapsCell.swift in Sources */ = {isa = PBXBuildFile; fileRef = A56FF24929755798003C853D /* SimpleTextGapsCell.swift */; };
		A56FF24D29755798003C853D /* SimpleTextGapsViewController.swift in Sources */ = {isa = PBXBuildFile; fileRef = A56FF24729755798003C853D /* SimpleTextGapsViewController.swift */; };
		A56FF251297570C2003C853D /* SimpleTextGapsCell.OptionView.swift in Sources */ = {isa = PBXBuildFile; fileRef = A56FF250297570C2003C853D /* SimpleTextGapsCell.OptionView.swift */; };
		A56FF254297578E4003C853D /* CGSize.swift in Sources */ = {isa = PBXBuildFile; fileRef = A56FF253297578E4003C853D /* CGSize.swift */; };
		A5A867EE29719F7600D4F526 /* InteractiveFormatViewController.swift in Sources */ = {isa = PBXBuildFile; fileRef = A5A867ED29719F7600D4F526 /* InteractiveFormatViewController.swift */; };
		A5A867F22971AAB300D4F526 /* InteractiveFormatViewController.ItemCell.swift in Sources */ = {isa = PBXBuildFile; fileRef = A5A867F12971AAB300D4F526 /* InteractiveFormatViewController.ItemCell.swift */; };
		A5A867F42971AE6E00D4F526 /* InteractiveFormatViewController.TableViewInterlayer.swift in Sources */ = {isa = PBXBuildFile; fileRef = A5A867F32971AE6E00D4F526 /* InteractiveFormatViewController.TableViewInterlayer.swift */; };
		A5D1E1AD296C3BE2002AA67C /* AppDelegate.swift in Sources */ = {isa = PBXBuildFile; fileRef = A5D1E1AC296C3BE2002AA67C /* AppDelegate.swift */; };
		A5D1E1AF296C3BE2002AA67C /* SceneDelegate.swift in Sources */ = {isa = PBXBuildFile; fileRef = A5D1E1AE296C3BE2002AA67C /* SceneDelegate.swift */; };
		A5D1E1B1296C3BE2002AA67C /* MainViewController.swift in Sources */ = {isa = PBXBuildFile; fileRef = A5D1E1B0296C3BE2002AA67C /* MainViewController.swift */; };
		A5D1E1B6296C3BE3002AA67C /* Assets.xcassets in Resources */ = {isa = PBXBuildFile; fileRef = A5D1E1B5296C3BE3002AA67C /* Assets.xcassets */; };
		A5D1E1C6296C3DAC002AA67C /* InfoPlist.strings in Resources */ = {isa = PBXBuildFile; fileRef = A5D1E1C2296C3DAC002AA67C /* InfoPlist.strings */; };
		A5D1E1C7296C3DAC002AA67C /* Localizable.strings in Resources */ = {isa = PBXBuildFile; fileRef = A5D1E1C4296C3DAC002AA67C /* Localizable.strings */; };
		A5D1E1C9296C3FF8002AA67C /* Instances.swift in Sources */ = {isa = PBXBuildFile; fileRef = A5D1E1C8296C3FF8002AA67C /* Instances.swift */; };
		A5D1E1CB296C426D002AA67C /* LaunchScreen.storyboard in Resources */ = {isa = PBXBuildFile; fileRef = A5D1E1CA296C426D002AA67C /* LaunchScreen.storyboard */; };
		A5D1E1D0296C46A6002AA67C /* UIColor.swift in Sources */ = {isa = PBXBuildFile; fileRef = A5D1E1CF296C46A6002AA67C /* UIColor.swift */; };
		A5D1E1D3296C47A7002AA67C /* InteractiveFormat.swift in Sources */ = {isa = PBXBuildFile; fileRef = A5D1E1D2296C47A7002AA67C /* InteractiveFormat.swift */; };
		A5D1E1D6296C4831002AA67C /* InteractiveFormatCell.swift in Sources */ = {isa = PBXBuildFile; fileRef = A5D1E1D5296C4831002AA67C /* InteractiveFormatCell.swift */; };
		A5D2DDF82973E88F00F7AB58 /* StepwisePollViewController.swift in Sources */ = {isa = PBXBuildFile; fileRef = A5D2DDF52973E88F00F7AB58 /* StepwisePollViewController.swift */; };
		A5D2DDF92973E88F00F7AB58 /* StepwisePollCell.swift in Sources */ = {isa = PBXBuildFile; fileRef = A5D2DDF72973E88F00F7AB58 /* StepwisePollCell.swift */; };
		A5D2DDFB2973E90E00F7AB58 /* StepwisePollModel.swift in Sources */ = {isa = PBXBuildFile; fileRef = A5D2DDFA2973E90E00F7AB58 /* StepwisePollModel.swift */; };
		A5D2DDFD2973FD6300F7AB58 /* StepwisePollCell.QuestionView.swift in Sources */ = {isa = PBXBuildFile; fileRef = A5D2DDFC2973FD6300F7AB58 /* StepwisePollCell.QuestionView.swift */; };
		A5D2DDFF2973FF2300F7AB58 /* StepwisePollCell.QuestionView.BarView.swift in Sources */ = {isa = PBXBuildFile; fileRef = A5D2DDFE2973FF2300F7AB58 /* StepwisePollCell.QuestionView.BarView.swift */; };
		A5D2DE03297434C600F7AB58 /* NSObject.swift in Sources */ = {isa = PBXBuildFile; fileRef = A5D2DE02297434C600F7AB58 /* NSObject.swift */; };
		A5D2DE0E297442AA00F7AB58 /* TextGapsModel.swift in Sources */ = {isa = PBXBuildFile; fileRef = A5D2DE0D297442AA00F7AB58 /* TextGapsModel.swift */; };
		A5D2DE0F2974453200F7AB58 /* EditableTextGapsCell.swift in Sources */ = {isa = PBXBuildFile; fileRef = A5D2DE0A2974424E00F7AB58 /* EditableTextGapsCell.swift */; };
		A5D2DE102974453500F7AB58 /* EditableTextGapsViewController.swift in Sources */ = {isa = PBXBuildFile; fileRef = A5D2DE082974424E00F7AB58 /* EditableTextGapsViewController.swift */; };
		A5D2DE1B29744D5300F7AB58 /* WrappingCollectionView.swift in Sources */ = {isa = PBXBuildFile; fileRef = A5D2DE1A29744D5300F7AB58 /* WrappingCollectionView.swift */; };
		A5D2DE1F2974554600F7AB58 /* UICollectionViewCell.swift in Sources */ = {isa = PBXBuildFile; fileRef = A5D2DE1E2974554600F7AB58 /* UICollectionViewCell.swift */; };
		A5D2DE212974567500F7AB58 /* WrappingCollectionView.Cell.swift in Sources */ = {isa = PBXBuildFile; fileRef = A5D2DE202974567500F7AB58 /* WrappingCollectionView.Cell.swift */; };
		A5D2DE232974574400F7AB58 /* WrappingCollectionView.Layout.swift in Sources */ = {isa = PBXBuildFile; fileRef = A5D2DE222974574400F7AB58 /* WrappingCollectionView.Layout.swift */; };
		A5D2DE2529745ABA00F7AB58 /* String.swift in Sources */ = {isa = PBXBuildFile; fileRef = A5D2DE2429745ABA00F7AB58 /* String.swift */; };
		A5D2DE282974749400F7AB58 /* EditableTextGapsCell.TextField.swift in Sources */ = {isa = PBXBuildFile; fileRef = A5D2DE272974749400F7AB58 /* EditableTextGapsCell.TextField.swift */; };
		A5DCF7262973261A008664E5 /* UIGestureRecognizer.swift in Sources */ = {isa = PBXBuildFile; fileRef = A5DCF7252973261A008664E5 /* UIGestureRecognizer.swift */; };
		A5EEE927297048D100882B4D /* ElementsMatchingCell.swift in Sources */ = {isa = PBXBuildFile; fileRef = A5EEE926297048D100882B4D /* ElementsMatchingCell.swift */; };
		A5EEE928297048D100882B4D /* ElementsMatchingViewController.swift in Sources */ = {isa = PBXBuildFile; fileRef = A5EEE924297048D100882B4D /* ElementsMatchingViewController.swift */; };
		A5EEE92A297049A100882B4D /* ElementsMatchingModel.swift in Sources */ = {isa = PBXBuildFile; fileRef = A5EEE929297049A100882B4D /* ElementsMatchingModel.swift */; };
		A5EEE92C297051C500882B4D /* ElementsMatchingCell.OptionView.swift in Sources */ = {isa = PBXBuildFile; fileRef = A5EEE92B297051C500882B4D /* ElementsMatchingCell.OptionView.swift */; };
/* End PBXBuildFile section */

/* Begin PBXFileReference section */
		A5247E5B29867E2100E06A33 /* ElementsMixingViewController.swift */ = {isa = PBXFileReference; lastKnownFileType = sourcecode.swift; path = ElementsMixingViewController.swift; sourceTree = "<group>"; };
		A5247E5D29867E2100E06A33 /* ElementsMixingCell.swift */ = {isa = PBXFileReference; lastKnownFileType = sourcecode.swift; path = ElementsMixingCell.swift; sourceTree = "<group>"; };
		A5247E5E29867E2100E06A33 /* ElementsMixingCell.OptionView.swift */ = {isa = PBXFileReference; lastKnownFileType = sourcecode.swift; path = ElementsMixingCell.OptionView.swift; sourceTree = "<group>"; };
		A5247E6229867E9800E06A33 /* ElementsMixingModel.swift */ = {isa = PBXFileReference; lastKnownFileType = sourcecode.swift; path = ElementsMixingModel.swift; sourceTree = "<group>"; };
		A5247E642989758900E06A33 /* UIDevice.swift */ = {isa = PBXFileReference; lastKnownFileType = sourcecode.swift; path = UIDevice.swift; sourceTree = "<group>"; };
		A5247E6629898DDA00E06A33 /* InteractiveFormatViewController.ItemCell.Delegate.swift */ = {isa = PBXFileReference; lastKnownFileType = sourcecode.swift; path = InteractiveFormatViewController.ItemCell.Delegate.swift; sourceTree = "<group>"; };
		A5247E6A298ACDA400E06A33 /* HapticSliderViewController.swift */ = {isa = PBXFileReference; lastKnownFileType = sourcecode.swift; path = HapticSliderViewController.swift; sourceTree = "<group>"; };
		A5247E6C298ACDA400E06A33 /* HapticSliderCell.swift */ = {isa = PBXFileReference; lastKnownFileType = sourcecode.swift; path = HapticSliderCell.swift; sourceTree = "<group>"; };
		A528A150296D9ACA00FAC27E /* LocalizedStrings.swift */ = {isa = PBXFileReference; lastKnownFileType = sourcecode.swift; path = LocalizedStrings.swift; sourceTree = "<group>"; };
		A528A154296D9FF700FAC27E /* RatingStarsViewController.swift */ = {isa = PBXFileReference; lastKnownFileType = sourcecode.swift; path = RatingStarsViewController.swift; sourceTree = "<group>"; };
		A528A157296DA10F00FAC27E /* RatingStarsCell.swift */ = {isa = PBXFileReference; lastKnownFileType = sourcecode.swift; path = RatingStarsCell.swift; sourceTree = "<group>"; };
		A528A159296DA12C00FAC27E /* UITableViewCell.swift */ = {isa = PBXFileReference; lastKnownFileType = sourcecode.swift; path = UITableViewCell.swift; sourceTree = "<group>"; };
		A528A15B296DA1C500FAC27E /* FakeData.swift */ = {isa = PBXFileReference; lastKnownFileType = sourcecode.swift; path = FakeData.swift; sourceTree = "<group>"; };
		A528A15D296DA1FC00FAC27E /* RatingStarsModel.swift */ = {isa = PBXFileReference; lastKnownFileType = sourcecode.swift; path = RatingStarsModel.swift; sourceTree = "<group>"; };
		A528A160296DA68B00FAC27E /* RatingStarsView.swift */ = {isa = PBXFileReference; lastKnownFileType = sourcecode.swift; path = RatingStarsView.swift; sourceTree = "<group>"; };
		A528A162296DA6A300FAC27E /* RatingStarsView.StarView.swift */ = {isa = PBXFileReference; lastKnownFileType = sourcecode.swift; path = RatingStarsView.StarView.swift; sourceTree = "<group>"; };
		A528A164296DA73C00FAC27E /* UIView.swift */ = {isa = PBXFileReference; lastKnownFileType = sourcecode.swift; path = UIView.swift; sourceTree = "<group>"; };
		A528A166296DAA0B00FAC27E /* UIStackView.swift */ = {isa = PBXFileReference; lastKnownFileType = sourcecode.swift; path = UIStackView.swift; sourceTree = "<group>"; };
		A528A16C296DAE5300FAC27E /* Withable.swift */ = {isa = PBXFileReference; fileEncoding = 4; lastKnownFileType = sourcecode.swift; path = Withable.swift; sourceTree = "<group>"; };
		A548FFAD298ADCCF00F00E18 /* HapticSliderModel.swift */ = {isa = PBXFileReference; lastKnownFileType = sourcecode.swift; path = HapticSliderModel.swift; sourceTree = "<group>"; };
		A56FF244297540CD003C853D /* WrappingCollectionView.Layout.Delegate.swift */ = {isa = PBXFileReference; lastKnownFileType = sourcecode.swift; path = WrappingCollectionView.Layout.Delegate.swift; sourceTree = "<group>"; };
		A56FF24729755798003C853D /* SimpleTextGapsViewController.swift */ = {isa = PBXFileReference; lastKnownFileType = sourcecode.swift; path = SimpleTextGapsViewController.swift; sourceTree = "<group>"; };
		A56FF24929755798003C853D /* SimpleTextGapsCell.swift */ = {isa = PBXFileReference; lastKnownFileType = sourcecode.swift; path = SimpleTextGapsCell.swift; sourceTree = "<group>"; };
		A56FF250297570C2003C853D /* SimpleTextGapsCell.OptionView.swift */ = {isa = PBXFileReference; lastKnownFileType = sourcecode.swift; path = SimpleTextGapsCell.OptionView.swift; sourceTree = "<group>"; };
		A56FF253297578E4003C853D /* CGSize.swift */ = {isa = PBXFileReference; lastKnownFileType = sourcecode.swift; path = CGSize.swift; sourceTree = "<group>"; };
		A5A867ED29719F7600D4F526 /* InteractiveFormatViewController.swift */ = {isa = PBXFileReference; lastKnownFileType = sourcecode.swift; path = InteractiveFormatViewController.swift; sourceTree = "<group>"; };
		A5A867F12971AAB300D4F526 /* InteractiveFormatViewController.ItemCell.swift */ = {isa = PBXFileReference; lastKnownFileType = sourcecode.swift; path = InteractiveFormatViewController.ItemCell.swift; sourceTree = "<group>"; };
		A5A867F32971AE6E00D4F526 /* InteractiveFormatViewController.TableViewInterlayer.swift */ = {isa = PBXFileReference; lastKnownFileType = sourcecode.swift; path = InteractiveFormatViewController.TableViewInterlayer.swift; sourceTree = "<group>"; };
		A5D1E1A9296C3BE2002AA67C /* Zen.app */ = {isa = PBXFileReference; explicitFileType = wrapper.application; includeInIndex = 0; path = Zen.app; sourceTree = BUILT_PRODUCTS_DIR; };
		A5D1E1AC296C3BE2002AA67C /* AppDelegate.swift */ = {isa = PBXFileReference; lastKnownFileType = sourcecode.swift; path = AppDelegate.swift; sourceTree = "<group>"; };
		A5D1E1AE296C3BE2002AA67C /* SceneDelegate.swift */ = {isa = PBXFileReference; lastKnownFileType = sourcecode.swift; path = SceneDelegate.swift; sourceTree = "<group>"; };
		A5D1E1B0296C3BE2002AA67C /* MainViewController.swift */ = {isa = PBXFileReference; lastKnownFileType = sourcecode.swift; path = MainViewController.swift; sourceTree = "<group>"; };
		A5D1E1B5296C3BE3002AA67C /* Assets.xcassets */ = {isa = PBXFileReference; lastKnownFileType = folder.assetcatalog; path = Assets.xcassets; sourceTree = "<group>"; };
		A5D1E1BA296C3BE3002AA67C /* Info.plist */ = {isa = PBXFileReference; lastKnownFileType = text.plist.xml; path = Info.plist; sourceTree = "<group>"; };
		A5D1E1C3296C3DAC002AA67C /* ru */ = {isa = PBXFileReference; lastKnownFileType = text.plist.strings; name = ru; path = ru.lproj/InfoPlist.strings; sourceTree = "<group>"; };
		A5D1E1C5296C3DAC002AA67C /* ru */ = {isa = PBXFileReference; lastKnownFileType = text.plist.strings; name = ru; path = ru.lproj/Localizable.strings; sourceTree = "<group>"; };
		A5D1E1C8296C3FF8002AA67C /* Instances.swift */ = {isa = PBXFileReference; lastKnownFileType = sourcecode.swift; path = Instances.swift; sourceTree = "<group>"; };
		A5D1E1CA296C426D002AA67C /* LaunchScreen.storyboard */ = {isa = PBXFileReference; lastKnownFileType = file.storyboard; path = LaunchScreen.storyboard; sourceTree = "<group>"; };
		A5D1E1CF296C46A6002AA67C /* UIColor.swift */ = {isa = PBXFileReference; lastKnownFileType = sourcecode.swift; path = UIColor.swift; sourceTree = "<group>"; };
		A5D1E1D2296C47A7002AA67C /* InteractiveFormat.swift */ = {isa = PBXFileReference; lastKnownFileType = sourcecode.swift; path = InteractiveFormat.swift; sourceTree = "<group>"; };
		A5D1E1D5296C4831002AA67C /* InteractiveFormatCell.swift */ = {isa = PBXFileReference; lastKnownFileType = sourcecode.swift; path = InteractiveFormatCell.swift; sourceTree = "<group>"; };
		A5D2DDF52973E88F00F7AB58 /* StepwisePollViewController.swift */ = {isa = PBXFileReference; lastKnownFileType = sourcecode.swift; path = StepwisePollViewController.swift; sourceTree = "<group>"; };
		A5D2DDF72973E88F00F7AB58 /* StepwisePollCell.swift */ = {isa = PBXFileReference; lastKnownFileType = sourcecode.swift; path = StepwisePollCell.swift; sourceTree = "<group>"; };
		A5D2DDFA2973E90E00F7AB58 /* StepwisePollModel.swift */ = {isa = PBXFileReference; lastKnownFileType = sourcecode.swift; path = StepwisePollModel.swift; sourceTree = "<group>"; };
		A5D2DDFC2973FD6300F7AB58 /* StepwisePollCell.QuestionView.swift */ = {isa = PBXFileReference; lastKnownFileType = sourcecode.swift; path = StepwisePollCell.QuestionView.swift; sourceTree = "<group>"; };
		A5D2DDFE2973FF2300F7AB58 /* StepwisePollCell.QuestionView.BarView.swift */ = {isa = PBXFileReference; lastKnownFileType = sourcecode.swift; path = StepwisePollCell.QuestionView.BarView.swift; sourceTree = "<group>"; };
		A5D2DE02297434C600F7AB58 /* NSObject.swift */ = {isa = PBXFileReference; lastKnownFileType = sourcecode.swift; path = NSObject.swift; sourceTree = "<group>"; };
		A5D2DE082974424E00F7AB58 /* EditableTextGapsViewController.swift */ = {isa = PBXFileReference; lastKnownFileType = sourcecode.swift; path = EditableTextGapsViewController.swift; sourceTree = "<group>"; };
		A5D2DE0A2974424E00F7AB58 /* EditableTextGapsCell.swift */ = {isa = PBXFileReference; lastKnownFileType = sourcecode.swift; path = EditableTextGapsCell.swift; sourceTree = "<group>"; };
		A5D2DE0D297442AA00F7AB58 /* TextGapsModel.swift */ = {isa = PBXFileReference; lastKnownFileType = sourcecode.swift; path = TextGapsModel.swift; sourceTree = "<group>"; };
		A5D2DE1A29744D5300F7AB58 /* WrappingCollectionView.swift */ = {isa = PBXFileReference; lastKnownFileType = sourcecode.swift; path = WrappingCollectionView.swift; sourceTree = "<group>"; };
		A5D2DE1E2974554600F7AB58 /* UICollectionViewCell.swift */ = {isa = PBXFileReference; lastKnownFileType = sourcecode.swift; path = UICollectionViewCell.swift; sourceTree = "<group>"; };
		A5D2DE202974567500F7AB58 /* WrappingCollectionView.Cell.swift */ = {isa = PBXFileReference; lastKnownFileType = sourcecode.swift; path = WrappingCollectionView.Cell.swift; sourceTree = "<group>"; };
		A5D2DE222974574400F7AB58 /* WrappingCollectionView.Layout.swift */ = {isa = PBXFileReference; lastKnownFileType = sourcecode.swift; path = WrappingCollectionView.Layout.swift; sourceTree = "<group>"; };
		A5D2DE2429745ABA00F7AB58 /* String.swift */ = {isa = PBXFileReference; lastKnownFileType = sourcecode.swift; path = String.swift; sourceTree = "<group>"; };
		A5D2DE272974749400F7AB58 /* EditableTextGapsCell.TextField.swift */ = {isa = PBXFileReference; lastKnownFileType = sourcecode.swift; path = EditableTextGapsCell.TextField.swift; sourceTree = "<group>"; };
		A5DCF7252973261A008664E5 /* UIGestureRecognizer.swift */ = {isa = PBXFileReference; lastKnownFileType = sourcecode.swift; path = UIGestureRecognizer.swift; sourceTree = "<group>"; };
		A5EEE924297048D100882B4D /* ElementsMatchingViewController.swift */ = {isa = PBXFileReference; lastKnownFileType = sourcecode.swift; path = ElementsMatchingViewController.swift; sourceTree = "<group>"; };
		A5EEE926297048D100882B4D /* ElementsMatchingCell.swift */ = {isa = PBXFileReference; lastKnownFileType = sourcecode.swift; path = ElementsMatchingCell.swift; sourceTree = "<group>"; };
		A5EEE929297049A100882B4D /* ElementsMatchingModel.swift */ = {isa = PBXFileReference; lastKnownFileType = sourcecode.swift; path = ElementsMatchingModel.swift; sourceTree = "<group>"; };
		A5EEE92B297051C500882B4D /* ElementsMatchingCell.OptionView.swift */ = {isa = PBXFileReference; lastKnownFileType = sourcecode.swift; path = ElementsMatchingCell.OptionView.swift; sourceTree = "<group>"; };
/* End PBXFileReference section */

/* Begin PBXFrameworksBuildPhase section */
		A5D1E1A6296C3BE2002AA67C /* Frameworks */ = {
			isa = PBXFrameworksBuildPhase;
			buildActionMask = 2147483647;
			files = (
			);
			runOnlyForDeploymentPostprocessing = 0;
		};
/* End PBXFrameworksBuildPhase section */

/* Begin PBXGroup section */
		A5247E5A29867E2100E06A33 /* Elements Mixing */ = {
			isa = PBXGroup;
			children = (
				A5247E5C29867E2100E06A33 /* Subviews */,
				A5247E5B29867E2100E06A33 /* ElementsMixingViewController.swift */,
			);
			path = "Elements Mixing";
			sourceTree = "<group>";
		};
		A5247E5C29867E2100E06A33 /* Subviews */ = {
			isa = PBXGroup;
			children = (
				A5247E5D29867E2100E06A33 /* ElementsMixingCell.swift */,
				A5247E5E29867E2100E06A33 /* ElementsMixingCell.OptionView.swift */,
			);
			path = Subviews;
			sourceTree = "<group>";
		};
		A5247E69298ACDA400E06A33 /* Haptic Slider */ = {
			isa = PBXGroup;
			children = (
				A5247E6B298ACDA400E06A33 /* Subviews */,
				A5247E6A298ACDA400E06A33 /* HapticSliderViewController.swift */,
			);
			path = "Haptic Slider";
			sourceTree = "<group>";
		};
		A5247E6B298ACDA400E06A33 /* Subviews */ = {
			isa = PBXGroup;
			children = (
				A5247E6C298ACDA400E06A33 /* HapticSliderCell.swift */,
			);
			path = Subviews;
			sourceTree = "<group>";
		};
		A528A14F296D9AC200FAC27E /* Extensions */ = {
			isa = PBXGroup;
			children = (
				A56FF252297578DD003C853D /* Core Graphics */,
				A5D2DE2629745AC300F7AB58 /* Foundation */,
				A5D2DE04297437DF00F7AB58 /* UIKit */,
				A5D2DE2429745ABA00F7AB58 /* String.swift */,
			);
			path = Extensions;
			sourceTree = "<group>";
		};
		A528A152296D9FDD00FAC27E /* Main */ = {
			isa = PBXGroup;
			children = (
				A5D1E1D4296C481F002AA67C /* Subviews */,
				A5D1E1B0296C3BE2002AA67C /* MainViewController.swift */,
			);
			path = Main;
			sourceTree = "<group>";
		};
		A528A153296D9FE800FAC27E /* Rating Stars */ = {
			isa = PBXGroup;
			children = (
				A528A156296DA10600FAC27E /* Subviews */,
				A528A154296D9FF700FAC27E /* RatingStarsViewController.swift */,
			);
			path = "Rating Stars";
			sourceTree = "<group>";
		};
		A528A156296DA10600FAC27E /* Subviews */ = {
			isa = PBXGroup;
			children = (
				A528A157296DA10F00FAC27E /* RatingStarsCell.swift */,
			);
			path = Subviews;
			sourceTree = "<group>";
		};
		A528A15F296DA67F00FAC27E /* Controls */ = {
			isa = PBXGroup;
			children = (
				A528A160296DA68B00FAC27E /* RatingStarsView.swift */,
				A528A162296DA6A300FAC27E /* RatingStarsView.StarView.swift */,
				A5D2DE1A29744D5300F7AB58 /* WrappingCollectionView.swift */,
				A5D2DE202974567500F7AB58 /* WrappingCollectionView.Cell.swift */,
				A5D2DE222974574400F7AB58 /* WrappingCollectionView.Layout.swift */,
				A56FF244297540CD003C853D /* WrappingCollectionView.Layout.Delegate.swift */,
			);
			path = Controls;
			sourceTree = "<group>";
		};
		A528A16B296DAE4700FAC27E /* Utils */ = {
			isa = PBXGroup;
			children = (
				A528A16C296DAE5300FAC27E /* Withable.swift */,
			);
			path = Utils;
			sourceTree = "<group>";
		};
		A56FF24629755798003C853D /* Simple Text Gaps */ = {
			isa = PBXGroup;
			children = (
				A56FF24829755798003C853D /* Subviews */,
				A56FF24729755798003C853D /* SimpleTextGapsViewController.swift */,
			);
			path = "Simple Text Gaps";
			sourceTree = "<group>";
		};
		A56FF24829755798003C853D /* Subviews */ = {
			isa = PBXGroup;
			children = (
				A56FF24929755798003C853D /* SimpleTextGapsCell.swift */,
				A56FF250297570C2003C853D /* SimpleTextGapsCell.OptionView.swift */,
			);
			path = Subviews;
			sourceTree = "<group>";
		};
		A56FF252297578DD003C853D /* Core Graphics */ = {
			isa = PBXGroup;
			children = (
				A56FF253297578E4003C853D /* CGSize.swift */,
			);
			path = "Core Graphics";
			sourceTree = "<group>";
		};
		A5D1E1A0296C3BE2002AA67C = {
			isa = PBXGroup;
			children = (
				A5D1E1AB296C3BE2002AA67C /* Zen */,
				A5D1E1AA296C3BE2002AA67C /* Products */,
			);
			sourceTree = "<group>";
		};
		A5D1E1AA296C3BE2002AA67C /* Products */ = {
			isa = PBXGroup;
			children = (
				A5D1E1A9296C3BE2002AA67C /* Zen.app */,
			);
			name = Products;
			sourceTree = "<group>";
		};
		A5D1E1AB296C3BE2002AA67C /* Zen */ = {
			isa = PBXGroup;
			children = (
				A5D1E1AC296C3BE2002AA67C /* AppDelegate.swift */,
				A5D1E1AE296C3BE2002AA67C /* SceneDelegate.swift */,
				A5D1E1CC296C42C1002AA67C /* Product Scenes */,
				A5D1E1CE296C430E002AA67C /* Framework */,
				A5D1E1D1296C4790002AA67C /* Models */,
				A5D1E1B5296C3BE3002AA67C /* Assets.xcassets */,
				A5D1E1CA296C426D002AA67C /* LaunchScreen.storyboard */,
				A5D1E1C4296C3DAC002AA67C /* Localizable.strings */,
				A5D1E1C2296C3DAC002AA67C /* InfoPlist.strings */,
				A5D1E1BA296C3BE3002AA67C /* Info.plist */,
			);
			path = Zen;
			sourceTree = "<group>";
		};
		A5D1E1CC296C42C1002AA67C /* Product Scenes */ = {
			isa = PBXGroup;
			children = (
				A528A152296D9FDD00FAC27E /* Main */,
				A5247E5A29867E2100E06A33 /* Elements Mixing */,
				A5247E69298ACDA400E06A33 /* Haptic Slider */,
				A5D2DDF42973E88F00F7AB58 /* Stepwise Poll */,
				A5EEE923297048D100882B4D /* Elements Matching */,
				A56FF24629755798003C853D /* Simple Text Gaps */,
				A5D2DE072974424E00F7AB58 /* Editable Text Gaps */,
				A528A153296D9FE800FAC27E /* Rating Stars */,
				A5A867ED29719F7600D4F526 /* InteractiveFormatViewController.swift */,
				A5A867F12971AAB300D4F526 /* InteractiveFormatViewController.ItemCell.swift */,
				A5247E6629898DDA00E06A33 /* InteractiveFormatViewController.ItemCell.Delegate.swift */,
				A5A867F32971AE6E00D4F526 /* InteractiveFormatViewController.TableViewInterlayer.swift */,
			);
			path = "Product Scenes";
			sourceTree = "<group>";
		};
		A5D1E1CE296C430E002AA67C /* Framework */ = {
			isa = PBXGroup;
			children = (
				A528A15F296DA67F00FAC27E /* Controls */,
				A528A14F296D9AC200FAC27E /* Extensions */,
				A528A16B296DAE4700FAC27E /* Utils */,
				A5D1E1C8296C3FF8002AA67C /* Instances.swift */,
				A528A150296D9ACA00FAC27E /* LocalizedStrings.swift */,
			);
			path = Framework;
			sourceTree = "<group>";
		};
		A5D1E1D1296C4790002AA67C /* Models */ = {
			isa = PBXGroup;
			children = (
				A528A15B296DA1C500FAC27E /* FakeData.swift */,
				A5D1E1D2296C47A7002AA67C /* InteractiveFormat.swift */,
				A5247E6229867E9800E06A33 /* ElementsMixingModel.swift */,
				A548FFAD298ADCCF00F00E18 /* HapticSliderModel.swift */,
				A5D2DDFA2973E90E00F7AB58 /* StepwisePollModel.swift */,
				A5EEE929297049A100882B4D /* ElementsMatchingModel.swift */,
				A5D2DE0D297442AA00F7AB58 /* TextGapsModel.swift */,
				A528A15D296DA1FC00FAC27E /* RatingStarsModel.swift */,
			);
			path = Models;
			sourceTree = "<group>";
		};
		A5D1E1D4296C481F002AA67C /* Subviews */ = {
			isa = PBXGroup;
			children = (
				A5D1E1D5296C4831002AA67C /* InteractiveFormatCell.swift */,
			);
			path = Subviews;
			sourceTree = "<group>";
		};
		A5D2DDF42973E88F00F7AB58 /* Stepwise Poll */ = {
			isa = PBXGroup;
			children = (
				A5D2DDF62973E88F00F7AB58 /* Subviews */,
				A5D2DDF52973E88F00F7AB58 /* StepwisePollViewController.swift */,
			);
			path = "Stepwise Poll";
			sourceTree = "<group>";
		};
		A5D2DDF62973E88F00F7AB58 /* Subviews */ = {
			isa = PBXGroup;
			children = (
				A5D2DDF72973E88F00F7AB58 /* StepwisePollCell.swift */,
				A5D2DDFC2973FD6300F7AB58 /* StepwisePollCell.QuestionView.swift */,
				A5D2DDFE2973FF2300F7AB58 /* StepwisePollCell.QuestionView.BarView.swift */,
			);
			path = Subviews;
			sourceTree = "<group>";
		};
		A5D2DE04297437DF00F7AB58 /* UIKit */ = {
			isa = PBXGroup;
			children = (
				A5D2DE1E2974554600F7AB58 /* UICollectionViewCell.swift */,
				A5D1E1CF296C46A6002AA67C /* UIColor.swift */,
				A5247E642989758900E06A33 /* UIDevice.swift */,
				A5DCF7252973261A008664E5 /* UIGestureRecognizer.swift */,
				A528A166296DAA0B00FAC27E /* UIStackView.swift */,
				A528A159296DA12C00FAC27E /* UITableViewCell.swift */,
				A528A164296DA73C00FAC27E /* UIView.swift */,
			);
			path = UIKit;
			sourceTree = "<group>";
		};
		A5D2DE072974424E00F7AB58 /* Editable Text Gaps */ = {
			isa = PBXGroup;
			children = (
				A5D2DE092974424E00F7AB58 /* Subviews */,
				A5D2DE082974424E00F7AB58 /* EditableTextGapsViewController.swift */,
			);
			path = "Editable Text Gaps";
			sourceTree = "<group>";
		};
		A5D2DE092974424E00F7AB58 /* Subviews */ = {
			isa = PBXGroup;
			children = (
				A5D2DE0A2974424E00F7AB58 /* EditableTextGapsCell.swift */,
				A5D2DE272974749400F7AB58 /* EditableTextGapsCell.TextField.swift */,
			);
			path = Subviews;
			sourceTree = "<group>";
		};
		A5D2DE2629745AC300F7AB58 /* Foundation */ = {
			isa = PBXGroup;
			children = (
				A5D2DE02297434C600F7AB58 /* NSObject.swift */,
			);
			path = Foundation;
			sourceTree = "<group>";
		};
		A5EEE923297048D100882B4D /* Elements Matching */ = {
			isa = PBXGroup;
			children = (
				A5EEE925297048D100882B4D /* Subviews */,
				A5EEE924297048D100882B4D /* ElementsMatchingViewController.swift */,
			);
			path = "Elements Matching";
			sourceTree = "<group>";
		};
		A5EEE925297048D100882B4D /* Subviews */ = {
			isa = PBXGroup;
			children = (
				A5EEE926297048D100882B4D /* ElementsMatchingCell.swift */,
				A5EEE92B297051C500882B4D /* ElementsMatchingCell.OptionView.swift */,
			);
			path = Subviews;
			sourceTree = "<group>";
		};
/* End PBXGroup section */

/* Begin PBXNativeTarget section */
		A5D1E1A8296C3BE2002AA67C /* Zen */ = {
			isa = PBXNativeTarget;
			buildConfigurationList = A5D1E1BD296C3BE3002AA67C /* Build configuration list for PBXNativeTarget "Zen" */;
			buildPhases = (
				A5D1E1A5296C3BE2002AA67C /* Sources */,
				A5D1E1A6296C3BE2002AA67C /* Frameworks */,
				A5D1E1A7296C3BE2002AA67C /* Resources */,
			);
			buildRules = (
			);
			dependencies = (
			);
			name = Zen;
			productName = Zen;
			productReference = A5D1E1A9296C3BE2002AA67C /* Zen.app */;
			productType = "com.apple.product-type.application";
		};
/* End PBXNativeTarget section */

/* Begin PBXProject section */
		A5D1E1A1296C3BE2002AA67C /* Project object */ = {
			isa = PBXProject;
			attributes = {
				BuildIndependentTargetsInParallel = 1;
				LastSwiftUpdateCheck = 1420;
				LastUpgradeCheck = 1420;
				TargetAttributes = {
					A5D1E1A8296C3BE2002AA67C = {
						CreatedOnToolsVersion = 14.2;
					};
				};
			};
			buildConfigurationList = A5D1E1A4296C3BE2002AA67C /* Build configuration list for PBXProject "Zen" */;
			compatibilityVersion = "Xcode 14.0";
			developmentRegion = ru;
			hasScannedForEncodings = 0;
			knownRegions = (
				ru,
			);
			mainGroup = A5D1E1A0296C3BE2002AA67C;
			productRefGroup = A5D1E1AA296C3BE2002AA67C /* Products */;
			projectDirPath = "";
			projectRoot = "";
			targets = (
				A5D1E1A8296C3BE2002AA67C /* Zen */,
			);
		};
/* End PBXProject section */

/* Begin PBXResourcesBuildPhase section */
		A5D1E1A7296C3BE2002AA67C /* Resources */ = {
			isa = PBXResourcesBuildPhase;
			buildActionMask = 2147483647;
			files = (
				A5D1E1B6296C3BE3002AA67C /* Assets.xcassets in Resources */,
				A5D1E1CB296C426D002AA67C /* LaunchScreen.storyboard in Resources */,
				A5D1E1C7296C3DAC002AA67C /* Localizable.strings in Resources */,
				A5D1E1C6296C3DAC002AA67C /* InfoPlist.strings in Resources */,
			);
			runOnlyForDeploymentPostprocessing = 0;
		};
/* End PBXResourcesBuildPhase section */

/* Begin PBXSourcesBuildPhase section */
		A5D1E1A5296C3BE2002AA67C /* Sources */ = {
			isa = PBXSourcesBuildPhase;
			buildActionMask = 2147483647;
			files = (
				A5D2DE03297434C600F7AB58 /* NSObject.swift in Sources */,
				A528A165296DA73C00FAC27E /* UIView.swift in Sources */,
				A528A167296DAA0B00FAC27E /* UIStackView.swift in Sources */,
				A5D1E1B1296C3BE2002AA67C /* MainViewController.swift in Sources */,
				A5DCF7262973261A008664E5 /* UIGestureRecognizer.swift in Sources */,
				A5247E6D298ACDA400E06A33 /* HapticSliderViewController.swift in Sources */,
				A5D2DDFD2973FD6300F7AB58 /* StepwisePollCell.QuestionView.swift in Sources */,
				A5D1E1AD296C3BE2002AA67C /* AppDelegate.swift in Sources */,
				A528A151296D9ACA00FAC27E /* LocalizedStrings.swift in Sources */,
				A548FFAE298ADCCF00F00E18 /* HapticSliderModel.swift in Sources */,
				A5D1E1C9296C3FF8002AA67C /* Instances.swift in Sources */,
				A56FF251297570C2003C853D /* SimpleTextGapsCell.OptionView.swift in Sources */,
				A5247E6329867E9800E06A33 /* ElementsMixingModel.swift in Sources */,
				A5247E5F29867E2100E06A33 /* ElementsMixingCell.OptionView.swift in Sources */,
				A5D1E1D3296C47A7002AA67C /* InteractiveFormat.swift in Sources */,
				A5D2DE232974574400F7AB58 /* WrappingCollectionView.Layout.swift in Sources */,
				A5247E6729898DDA00E06A33 /* InteractiveFormatViewController.ItemCell.Delegate.swift in Sources */,
				A5EEE928297048D100882B4D /* ElementsMatchingViewController.swift in Sources */,
				A528A161296DA68B00FAC27E /* RatingStarsView.swift in Sources */,
				A528A15C296DA1C500FAC27E /* FakeData.swift in Sources */,
				A5A867F42971AE6E00D4F526 /* InteractiveFormatViewController.TableViewInterlayer.swift in Sources */,
				A528A15A296DA12C00FAC27E /* UITableViewCell.swift in Sources */,
				A5D2DE1B29744D5300F7AB58 /* WrappingCollectionView.swift in Sources */,
				A56FF254297578E4003C853D /* CGSize.swift in Sources */,
				A5D2DE2529745ABA00F7AB58 /* String.swift in Sources */,
				A5D2DE1F2974554600F7AB58 /* UICollectionViewCell.swift in Sources */,
				A56FF24D29755798003C853D /* SimpleTextGapsViewController.swift in Sources */,
				A5EEE927297048D100882B4D /* ElementsMatchingCell.swift in Sources */,
				A528A155296D9FF700FAC27E /* RatingStarsViewController.swift in Sources */,
				A5247E6029867E2100E06A33 /* ElementsMixingViewController.swift in Sources */,
				A528A16D296DAE5300FAC27E /* Withable.swift in Sources */,
				A5D2DE0E297442AA00F7AB58 /* TextGapsModel.swift in Sources */,
				A5D2DE102974453500F7AB58 /* EditableTextGapsViewController.swift in Sources */,
				A5D1E1D6296C4831002AA67C /* InteractiveFormatCell.swift in Sources */,
				A5D2DDF92973E88F00F7AB58 /* StepwisePollCell.swift in Sources */,
				A5247E6129867E2100E06A33 /* ElementsMixingCell.swift in Sources */,
				A5D1E1AF296C3BE2002AA67C /* SceneDelegate.swift in Sources */,
				A528A158296DA10F00FAC27E /* RatingStarsCell.swift in Sources */,
				A5D1E1D0296C46A6002AA67C /* UIColor.swift in Sources */,
				A5D2DDFF2973FF2300F7AB58 /* StepwisePollCell.QuestionView.BarView.swift in Sources */,
				A56FF245297540CD003C853D /* WrappingCollectionView.Layout.Delegate.swift in Sources */,
				A5D2DDFB2973E90E00F7AB58 /* StepwisePollModel.swift in Sources */,
				A5A867EE29719F7600D4F526 /* InteractiveFormatViewController.swift in Sources */,
				A528A15E296DA1FC00FAC27E /* RatingStarsModel.swift in Sources */,
				A5A867F22971AAB300D4F526 /* InteractiveFormatViewController.ItemCell.swift in Sources */,
				A5D2DE0F2974453200F7AB58 /* EditableTextGapsCell.swift in Sources */,
				A5D2DE212974567500F7AB58 /* WrappingCollectionView.Cell.swift in Sources */,
				A5EEE92A297049A100882B4D /* ElementsMatchingModel.swift in Sources */,
				A5247E6E298ACDA400E06A33 /* HapticSliderCell.swift in Sources */,
				A5D2DE282974749400F7AB58 /* EditableTextGapsCell.TextField.swift in Sources */,
				A5247E652989758900E06A33 /* UIDevice.swift in Sources */,
				A5D2DDF82973E88F00F7AB58 /* StepwisePollViewController.swift in Sources */,
				A528A163296DA6A300FAC27E /* RatingStarsView.StarView.swift in Sources */,
				A5EEE92C297051C500882B4D /* ElementsMatchingCell.OptionView.swift in Sources */,
				A56FF24B29755798003C853D /* SimpleTextGapsCell.swift in Sources */,
			);
			runOnlyForDeploymentPostprocessing = 0;
		};
/* End PBXSourcesBuildPhase section */

/* Begin PBXVariantGroup section */
		A5D1E1C2296C3DAC002AA67C /* InfoPlist.strings */ = {
			isa = PBXVariantGroup;
			children = (
				A5D1E1C3296C3DAC002AA67C /* ru */,
			);
			name = InfoPlist.strings;
			sourceTree = "<group>";
		};
		A5D1E1C4296C3DAC002AA67C /* Localizable.strings */ = {
			isa = PBXVariantGroup;
			children = (
				A5D1E1C5296C3DAC002AA67C /* ru */,
			);
			name = Localizable.strings;
			sourceTree = "<group>";
		};
/* End PBXVariantGroup section */

/* Begin XCBuildConfiguration section */
		A5D1E1BB296C3BE3002AA67C /* Debug */ = {
			isa = XCBuildConfiguration;
			buildSettings = {
				ALWAYS_SEARCH_USER_PATHS = NO;
				CLANG_ANALYZER_LOCALIZABILITY_NONLOCALIZED = YES;
				CLANG_ANALYZER_NONNULL = YES;
				CLANG_ANALYZER_NUMBER_OBJECT_CONVERSION = YES_AGGRESSIVE;
				CLANG_CXX_LANGUAGE_STANDARD = "gnu++20";
				CLANG_ENABLE_MODULES = YES;
				CLANG_ENABLE_OBJC_ARC = YES;
				CLANG_ENABLE_OBJC_WEAK = YES;
				CLANG_WARN_BLOCK_CAPTURE_AUTORELEASING = YES;
				CLANG_WARN_BOOL_CONVERSION = YES;
				CLANG_WARN_COMMA = YES;
				CLANG_WARN_CONSTANT_CONVERSION = YES;
				CLANG_WARN_DEPRECATED_OBJC_IMPLEMENTATIONS = YES;
				CLANG_WARN_DIRECT_OBJC_ISA_USAGE = YES_ERROR;
				CLANG_WARN_DOCUMENTATION_COMMENTS = YES;
				CLANG_WARN_EMPTY_BODY = YES;
				CLANG_WARN_ENUM_CONVERSION = YES;
				CLANG_WARN_INFINITE_RECURSION = YES;
				CLANG_WARN_INT_CONVERSION = YES;
				CLANG_WARN_NON_LITERAL_NULL_CONVERSION = YES;
				CLANG_WARN_OBJC_IMPLICIT_RETAIN_SELF = YES;
				CLANG_WARN_OBJC_LITERAL_CONVERSION = YES;
				CLANG_WARN_OBJC_ROOT_CLASS = YES_ERROR;
				CLANG_WARN_QUOTED_INCLUDE_IN_FRAMEWORK_HEADER = YES;
				CLANG_WARN_RANGE_LOOP_ANALYSIS = YES;
				CLANG_WARN_STRICT_PROTOTYPES = YES;
				CLANG_WARN_SUSPICIOUS_MOVE = YES;
				CLANG_WARN_UNGUARDED_AVAILABILITY = YES_AGGRESSIVE;
				CLANG_WARN_UNREACHABLE_CODE = YES;
				CLANG_WARN__DUPLICATE_METHOD_MATCH = YES;
				COPY_PHASE_STRIP = NO;
				DEBUG_INFORMATION_FORMAT = dwarf;
				ENABLE_STRICT_OBJC_MSGSEND = YES;
				ENABLE_TESTABILITY = YES;
				GCC_C_LANGUAGE_STANDARD = gnu11;
				GCC_DYNAMIC_NO_PIC = NO;
				GCC_NO_COMMON_BLOCKS = YES;
				GCC_OPTIMIZATION_LEVEL = 0;
				GCC_PREPROCESSOR_DEFINITIONS = (
					"DEBUG=1",
					"$(inherited)",
				);
				GCC_WARN_64_TO_32_BIT_CONVERSION = YES;
				GCC_WARN_ABOUT_RETURN_TYPE = YES_ERROR;
				GCC_WARN_UNDECLARED_SELECTOR = YES;
				GCC_WARN_UNINITIALIZED_AUTOS = YES_AGGRESSIVE;
				GCC_WARN_UNUSED_FUNCTION = YES;
				GCC_WARN_UNUSED_VARIABLE = YES;
				IPHONEOS_DEPLOYMENT_TARGET = 14.0;
				MTL_ENABLE_DEBUG_INFO = INCLUDE_SOURCE;
				MTL_FAST_MATH = YES;
				ONLY_ACTIVE_ARCH = YES;
				SDKROOT = iphoneos;
				SWIFT_ACTIVE_COMPILATION_CONDITIONS = DEBUG;
				SWIFT_OPTIMIZATION_LEVEL = "-Onone";
			};
			name = Debug;
		};
		A5D1E1BC296C3BE3002AA67C /* Release */ = {
			isa = XCBuildConfiguration;
			buildSettings = {
				ALWAYS_SEARCH_USER_PATHS = NO;
				CLANG_ANALYZER_LOCALIZABILITY_NONLOCALIZED = YES;
				CLANG_ANALYZER_NONNULL = YES;
				CLANG_ANALYZER_NUMBER_OBJECT_CONVERSION = YES_AGGRESSIVE;
				CLANG_CXX_LANGUAGE_STANDARD = "gnu++20";
				CLANG_ENABLE_MODULES = YES;
				CLANG_ENABLE_OBJC_ARC = YES;
				CLANG_ENABLE_OBJC_WEAK = YES;
				CLANG_WARN_BLOCK_CAPTURE_AUTORELEASING = YES;
				CLANG_WARN_BOOL_CONVERSION = YES;
				CLANG_WARN_COMMA = YES;
				CLANG_WARN_CONSTANT_CONVERSION = YES;
				CLANG_WARN_DEPRECATED_OBJC_IMPLEMENTATIONS = YES;
				CLANG_WARN_DIRECT_OBJC_ISA_USAGE = YES_ERROR;
				CLANG_WARN_DOCUMENTATION_COMMENTS = YES;
				CLANG_WARN_EMPTY_BODY = YES;
				CLANG_WARN_ENUM_CONVERSION = YES;
				CLANG_WARN_INFINITE_RECURSION = YES;
				CLANG_WARN_INT_CONVERSION = YES;
				CLANG_WARN_NON_LITERAL_NULL_CONVERSION = YES;
				CLANG_WARN_OBJC_IMPLICIT_RETAIN_SELF = YES;
				CLANG_WARN_OBJC_LITERAL_CONVERSION = YES;
				CLANG_WARN_OBJC_ROOT_CLASS = YES_ERROR;
				CLANG_WARN_QUOTED_INCLUDE_IN_FRAMEWORK_HEADER = YES;
				CLANG_WARN_RANGE_LOOP_ANALYSIS = YES;
				CLANG_WARN_STRICT_PROTOTYPES = YES;
				CLANG_WARN_SUSPICIOUS_MOVE = YES;
				CLANG_WARN_UNGUARDED_AVAILABILITY = YES_AGGRESSIVE;
				CLANG_WARN_UNREACHABLE_CODE = YES;
				CLANG_WARN__DUPLICATE_METHOD_MATCH = YES;
				COPY_PHASE_STRIP = NO;
				DEBUG_INFORMATION_FORMAT = "dwarf-with-dsym";
				ENABLE_NS_ASSERTIONS = NO;
				ENABLE_STRICT_OBJC_MSGSEND = YES;
				GCC_C_LANGUAGE_STANDARD = gnu11;
				GCC_NO_COMMON_BLOCKS = YES;
				GCC_WARN_64_TO_32_BIT_CONVERSION = YES;
				GCC_WARN_ABOUT_RETURN_TYPE = YES_ERROR;
				GCC_WARN_UNDECLARED_SELECTOR = YES;
				GCC_WARN_UNINITIALIZED_AUTOS = YES_AGGRESSIVE;
				GCC_WARN_UNUSED_FUNCTION = YES;
				GCC_WARN_UNUSED_VARIABLE = YES;
				IPHONEOS_DEPLOYMENT_TARGET = 14.0;
				MTL_ENABLE_DEBUG_INFO = NO;
				MTL_FAST_MATH = YES;
				SDKROOT = iphoneos;
				SWIFT_COMPILATION_MODE = wholemodule;
				SWIFT_OPTIMIZATION_LEVEL = "-O";
				VALIDATE_PRODUCT = YES;
			};
			name = Release;
		};
		A5D1E1BE296C3BE3002AA67C /* Debug */ = {
			isa = XCBuildConfiguration;
			buildSettings = {
				ASSETCATALOG_COMPILER_APPICON_NAME = "App Icon";
				ASSETCATALOG_COMPILER_GLOBAL_ACCENT_COLOR_NAME = Colors/Accent;
				CODE_SIGN_STYLE = Automatic;
				CURRENT_PROJECT_VERSION = 2;
				GENERATE_INFOPLIST_FILE = YES;
				INFOPLIST_FILE = Zen/Info.plist;
				INFOPLIST_KEY_LSApplicationCategoryType = "public.app-category.magazines-and-newspapers";
				INFOPLIST_KEY_UIApplicationSupportsIndirectInputEvents = YES;
				INFOPLIST_KEY_UILaunchStoryboardName = LaunchScreen.storyboard;
				INFOPLIST_KEY_UISupportedInterfaceOrientations = "UIInterfaceOrientationLandscapeLeft UIInterfaceOrientationLandscapeRight UIInterfaceOrientationPortrait";
				INFOPLIST_KEY_UISupportedInterfaceOrientations_iPad = "UIInterfaceOrientationLandscapeLeft UIInterfaceOrientationLandscapeRight UIInterfaceOrientationPortrait UIInterfaceOrientationPortraitUpsideDown";
				IPHONEOS_DEPLOYMENT_TARGET = 14.0;
				LD_RUNPATH_SEARCH_PATHS = (
					"$(inherited)",
					"@executable_path/Frameworks",
				);
				MARKETING_VERSION = 2.0;
				PRODUCT_BUNDLE_IDENTIFIER = "debug45.VK-Cup.Zen";
				PRODUCT_NAME = "$(TARGET_NAME)";
				SWIFT_EMIT_LOC_STRINGS = YES;
				SWIFT_VERSION = 5.0;
				TARGETED_DEVICE_FAMILY = "1,2";
			};
			name = Debug;
		};
		A5D1E1BF296C3BE3002AA67C /* Release */ = {
			isa = XCBuildConfiguration;
			buildSettings = {
				ASSETCATALOG_COMPILER_APPICON_NAME = "App Icon";
				ASSETCATALOG_COMPILER_GLOBAL_ACCENT_COLOR_NAME = Colors/Accent;
				CODE_SIGN_STYLE = Automatic;
				CURRENT_PROJECT_VERSION = 2;
				GENERATE_INFOPLIST_FILE = YES;
				INFOPLIST_FILE = Zen/Info.plist;
				INFOPLIST_KEY_LSApplicationCategoryType = "public.app-category.magazines-and-newspapers";
				INFOPLIST_KEY_UIApplicationSupportsIndirectInputEvents = YES;
				INFOPLIST_KEY_UILaunchStoryboardName = LaunchScreen.storyboard;
				INFOPLIST_KEY_UISupportedInterfaceOrientations = "UIInterfaceOrientationLandscapeLeft UIInterfaceOrientationLandscapeRight UIInterfaceOrientationPortrait";
				INFOPLIST_KEY_UISupportedInterfaceOrientations_iPad = "UIInterfaceOrientationLandscapeLeft UIInterfaceOrientationLandscapeRight UIInterfaceOrientationPortrait UIInterfaceOrientationPortraitUpsideDown";
				IPHONEOS_DEPLOYMENT_TARGET = 14.0;
				LD_RUNPATH_SEARCH_PATHS = (
					"$(inherited)",
					"@executable_path/Frameworks",
				);
				MARKETING_VERSION = 2.0;
				PRODUCT_BUNDLE_IDENTIFIER = "debug45.VK-Cup.Zen";
				PRODUCT_NAME = "$(TARGET_NAME)";
				SWIFT_EMIT_LOC_STRINGS = YES;
				SWIFT_VERSION = 5.0;
				TARGETED_DEVICE_FAMILY = "1,2";
			};
			name = Release;
		};
/* End XCBuildConfiguration section */

/* Begin XCConfigurationList section */
		A5D1E1A4296C3BE2002AA67C /* Build configuration list for PBXProject "Zen" */ = {
			isa = XCConfigurationList;
			buildConfigurations = (
				A5D1E1BB296C3BE3002AA67C /* Debug */,
				A5D1E1BC296C3BE3002AA67C /* Release */,
			);
			defaultConfigurationIsVisible = 0;
			defaultConfigurationName = Release;
		};
		A5D1E1BD296C3BE3002AA67C /* Build configuration list for PBXNativeTarget "Zen" */ = {
			isa = XCConfigurationList;
			buildConfigurations = (
				A5D1E1BE296C3BE3002AA67C /* Debug */,
				A5D1E1BF296C3BE3002AA67C /* Release */,
			);
			defaultConfigurationIsVisible = 0;
			defaultConfigurationName = Release;
		};
/* End XCConfigurationList section */
	};
	rootObject = A5D1E1A1296C3BE2002AA67C /* Project object */;
}
